{
  "name": "tours-travels-monorepo",
  "version": "file:../Shreeya-Tours",
  "lockfileVersion": 3,
  "requires": true,
  "packages": {
    "": {
      "name": "tours-travels-monorepo",
      "workspaces": [
        "frontend",
        "backend",
        "cms"
      ]
    },
    "../Shreeya-Tours/node_modules/frontend": {
      "resolved": "frontend",
      "link": true
    },
    "../Shreeya-Tours/node_modules/tours-travels-backend": {
      "resolved": "backend",
      "link": true
    },
    "../Shreeya-Tours/node_modules/tours-travels-cms": {
      "resolved": "cms",
      "link": true
    }
  }
}
